<?xml version="1.0" encoding="utf-8"?>
<Project ToolsVersion="4.0" xmlns="http://schemas.microsoft.com/developer/msbuild/2003">
  <ItemGroup>
    <Filter Include="源文件">
      <UniqueIdentifier>{4FC737F1-C7A5-4376-A066-2A32D752A2FF}</UniqueIdentifier>
      <Extensions>cpp;c;cc;cxx;def;odl;idl;hpj;bat;asm;asmx</Extensions>
    </Filter>
    <Filter Include="头文件">
      <UniqueIdentifier>{93995380-89BD-4b04-88EB-625FBE52EBFB}</UniqueIdentifier>
      <Extensions>h;hh;hpp;hxx;hm;inl;inc;xsd</Extensions>
    </Filter>
    <Filter Include="资源文件">
      <UniqueIdentifier>{67DA6AB6-F800-4c08-8B7A-83BB121AAD01}</UniqueIdentifier>
      <Extensions>rc;ico;cur;bmp;dlg;rc2;rct;bin;rgs;gif;jpg;jpeg;jpe;resx;tiff;tif;png;wav;mfcribbon-ms</Extensions>
    </Filter>
    <Filter Include="Common">
      <UniqueIdentifier>{41ab400a-ef31-4a74-84a6-db28a2212a34}</UniqueIdentifier>
    </Filter>
    <Filter Include="RecordSDK">
      <UniqueIdentifier>{d3ce9481-aa19-46e6-a25e-8e680f620257}</UniqueIdentifier>
    </Filter>
    <Filter Include="RecordSDK\json">
      <UniqueIdentifier>{1cfb522f-ea75-4f0e-ab61-ff79cba3fd32}</UniqueIdentifier>
    </Filter>
    <Filter Include="RecordSDK\TXCloudRecord">
      <UniqueIdentifier>{ba4e563a-1f14-4c77-90a4-0941de6e3e7f}</UniqueIdentifier>
    </Filter>
  </ItemGroup>
  <ItemGroup>
    <ClInclude Include="Common\crashdump.h">
      <Filter>Common</Filter>
    </ClInclude>
    <ClInclude Include="Common\log.h">
      <Filter>Common</Filter>
    </ClInclude>
    <ClInclude Include="Application.h">
      <Filter>头文件</Filter>
    </ClInclude>
    <ClInclude Include="Common\Base.h">
      <Filter>Common</Filter>
    </ClInclude>
    <ClInclude Include="thirdparty\TXCloudRecord\include\TXCloudRecordCmd.h">
      <Filter>Common</Filter>
    </ClInclude>
    <ClInclude Include="RecordSDK\jsoncpp\json.h">
      <Filter>RecordSDK\json</Filter>
    </ClInclude>
    <ClInclude Include="RecordSDK\jsoncpp\json-forwards.h">
      <Filter>RecordSDK\json</Filter>
    </ClInclude>
    <ClInclude Include="RecordSDK\TXCloudRecord\include\TXCloudRecordCmd.h">
      <Filter>RecordSDK\TXCloudRecord</Filter>
    </ClInclude>
  </ItemGroup>
  <ItemGroup>
    <ClCompile Include="main.cpp">
      <Filter>源文件</Filter>
    </ClCompile>
    <ClCompile Include="Common\crashdump.cpp">
      <Filter>Common</Filter>
    </ClCompile>
    <ClCompile Include="Common\log.cpp">
      <Filter>Common</Filter>
    </ClCompile>
    <ClCompile Include="Application.cpp">
      <Filter>源文件</Filter>
    </ClCompile>
    <ClCompile Include="thirdparty\TXCloudRecord\include\TXCloudRecordCmd.cpp">
      <Filter>Common</Filter>
    </ClCompile>
    <ClCompile Include="RecordSDK\jsoncpp\jsoncpp.cpp">
      <Filter>RecordSDK\json</Filter>
    </ClCompile>
    <ClCompile Include="RecordSDK\TXCloudRecord\include\TXCloudRecordCmd.cpp">
      <Filter>RecordSDK\TXCloudRecord</Filter>
    </ClCompile>
  </ItemGroup>
</Project>